<Solution>
  <Project Path="LearningRouting/LearningRouting.csproj" Id="8e355463-7377-4d3a-8d4a-8c589a91fad9" />
  <Project Path="LearnMiddleware/LearnMiddleware.csproj" Id="de381057-5f21-4a10-a906-451147a3e25e" />
  <Project Path="Minimal API Results/Minimal API Results.csproj" Id="3a255795-072c-4758-984c-32331bc3498d" />
  <Project Path="ModelValidation/ModelValidation.csproj" Id="0dcde837-49c6-453f-b804-2ad980eb0a28" />
  <Project Path="WebApp/WebApp.csproj" />
</Solution>
